
Microsoft Visual Studio Solution File, Format Version 12.00
# Visual Studio 15
VisualStudioVersion = 15.0.28307.271
MinimumVisualStudioVersion = 10.0.40219.1
Project("{FAE04EC0-301F-11D3-BF4B-00C04F79EFBC}") = "CBC", "CBC\CBC.csproj", "{C81D2D11-49D6-4DD5-A816-5DC3BB490680}"
EndProject
Global
	GlobalSection(SolutionConfigurationPlatforms) = preSolution
		Debug|Any CPU = Debug|Any CPU
		Release|Any CPU = Release|Any CPU
	EndGlobalSection
	GlobalSection(ProjectConfigurationPlatforms) = postSolution
		{C81D2D11-49D6-4DD5-A816-5DC3BB490680}.Debug|Any CPU.ActiveCfg = Debug|Any CPU
		{C81D2D11-49D6-4DD5-A816-5DC3BB490680}.Debug|Any CPU.Build.0 = Debug|Any CPU
		{C81D2D11-49D6-4DD5-A816-5DC3BB490680}.Release|Any CPU.ActiveCfg = Release|Any CPU
		{C81D2D11-49D6-4DD5-A816-5DC3BB490680}.Release|Any CPU.Build.0 = Release|Any CPU
	EndGlobalSection
	GlobalSection(SolutionProperties) = preSolution
		HideSolutionNode = FALSE
	EndGlobalSection
	GlobalSection(ExtensibilityGlobals) = postSolution
		SolutionGuid = {1A494FFE-B6DB-4948-841C-C3CDDDD4274D}
	EndGlobalSection
EndGlobal
